
Microsoft Visual Studio Solution File, Format Version 12.00
# Visual Studio Version 16
VisualStudioVersion = 16.0.30204.135
MinimumVisualStudioVersion = 10.0.40219.1
Project("{9A19103F-16F7-4668-BE54-9A1E7A4F7556}") = "Burls.Windows", "Burls.Windows\Burls.Windows.csproj", "{2F6C198C-C7D7-402B-B370-144AAB9B8BCE}"
EndProject
Project("{FAE04EC0-301F-11D3-BF4B-00C04F79EFBC}") = "Burls.Core", "Burls.Core\Burls.Core.csproj", "{7DBEF948-E5B3-48CC-A33F-F6264AAED7BF}"
EndProject
Global
	GlobalSection(SolutionConfigurationPlatforms) = preSolution
		Debug|Any CPU = Debug|Any CPU
		Release|Any CPU = Release|Any CPU
	EndGlobalSection
	GlobalSection(ProjectConfigurationPlatforms) = postSolution
		{2F6C198C-C7D7-402B-B370-144AAB9B8BCE}.Debug|Any CPU.ActiveCfg = Debug|Any CPU
		{2F6C198C-C7D7-402B-B370-144AAB9B8BCE}.Debug|Any CPU.Build.0 = Debug|Any CPU
		{2F6C198C-C7D7-402B-B370-144AAB9B8BCE}.Release|Any CPU.ActiveCfg = Release|Any CPU
		{2F6C198C-C7D7-402B-B370-144AAB9B8BCE}.Release|Any CPU.Build.0 = Release|Any CPU
		{7DBEF948-E5B3-48CC-A33F-F6264AAED7BF}.Debug|Any CPU.ActiveCfg = Debug|Any CPU
		{7DBEF948-E5B3-48CC-A33F-F6264AAED7BF}.Debug|Any CPU.Build.0 = Debug|Any CPU
		{7DBEF948-E5B3-48CC-A33F-F6264AAED7BF}.Release|Any CPU.ActiveCfg = Release|Any CPU
		{7DBEF948-E5B3-48CC-A33F-F6264AAED7BF}.Release|Any CPU.Build.0 = Release|Any CPU
	EndGlobalSection
	GlobalSection(SolutionProperties) = preSolution
		HideSolutionNode = FALSE
	EndGlobalSection
	GlobalSection(ExtensibilityGlobals) = postSolution
		SolutionGuid = {75F0C6FF-ECF1-4664-9169-3082AD63C501}
	EndGlobalSection
EndGlobal
